
Microsoft Visual Studio Solution File, Format Version 12.00
# Visual Studio Version 17
VisualStudioVersion = 17.14.36717.8 d17.14
MinimumVisualStudioVersion = 10.0.40219.1
Project("{FAE04EC0-301F-11D3-BF4B-00C04F79EFBC}") = "Hesap_Makinesi", "Hesap_Makinesi\Hesap_Makinesi.csproj", "{3B0DB003-A7FB-4F20-B68D-6BC2D15782A0}"
EndProject
Global
	GlobalSection(SolutionConfigurationPlatforms) = preSolution
		Debug|Any CPU = Debug|Any CPU
		Release|Any CPU = Release|Any CPU
	EndGlobalSection
	GlobalSection(ProjectConfigurationPlatforms) = postSolution
		{3B0DB003-A7FB-4F20-B68D-6BC2D15782A0}.Debug|Any CPU.ActiveCfg = Debug|Any CPU
		{3B0DB003-A7FB-4F20-B68D-6BC2D15782A0}.Debug|Any CPU.Build.0 = Debug|Any CPU
		{3B0DB003-A7FB-4F20-B68D-6BC2D15782A0}.Release|Any CPU.ActiveCfg = Release|Any CPU
		{3B0DB003-A7FB-4F20-B68D-6BC2D15782A0}.Release|Any CPU.Build.0 = Release|Any CPU
	EndGlobalSection
	GlobalSection(SolutionProperties) = preSolution
		HideSolutionNode = FALSE
	EndGlobalSection
	GlobalSection(ExtensibilityGlobals) = postSolution
		SolutionGuid = {470E287F-3D05-481A-AB00-F09E632A3A91}
	EndGlobalSection
EndGlobal
